
Microsoft Visual Studio Solution File, Format Version 12.00
# Visual Studio Version 17
VisualStudioVersion = 17.6.33829.357
MinimumVisualStudioVersion = 10.0.40219.1
Project("{FAE04EC0-301F-11D3-BF4B-00C04F79EFBC}") = "SimulatedDrone", "SimulatedDrone\SimulatedDrone.csproj", "{0B1BC44B-B554-449C-926A-3CA3CFB4605E}"
EndProject
Global
	GlobalSection(SolutionConfigurationPlatforms) = preSolution
		Debug|Any CPU = Debug|Any CPU
		Release|Any CPU = Release|Any CPU
	EndGlobalSection
	GlobalSection(ProjectConfigurationPlatforms) = postSolution
		{0B1BC44B-B554-449C-926A-3CA3CFB4605E}.Debug|Any CPU.ActiveCfg = Debug|Any CPU
		{0B1BC44B-B554-449C-926A-3CA3CFB4605E}.Debug|Any CPU.Build.0 = Debug|Any CPU
		{0B1BC44B-B554-449C-926A-3CA3CFB4605E}.Release|Any CPU.ActiveCfg = Release|Any CPU
		{0B1BC44B-B554-449C-926A-3CA3CFB4605E}.Release|Any CPU.Build.0 = Release|Any CPU
	EndGlobalSection
	GlobalSection(SolutionProperties) = preSolution
		HideSolutionNode = FALSE
	EndGlobalSection
	GlobalSection(ExtensibilityGlobals) = postSolution
		SolutionGuid = {74B9D88C-1660-4233-8784-1841B138CEAB}
	EndGlobalSection
EndGlobal
